
Microsoft Visual Studio Solution File, Format Version 12.00
# Visual Studio Version 17
VisualStudioVersion = 17.8.34511.84
MinimumVisualStudioVersion = 10.0.40219.1
Project("{9A19103F-16F7-4668-BE54-9A1E7A4F7556}") = "ShakSphere.Domain", "ShakSphere.Domain\ShakSphere.Domain.csproj", "{A8CB64B2-386E-4EAE-82D2-B7E120AA6247}"
EndProject
Project("{9A19103F-16F7-4668-BE54-9A1E7A4F7556}") = "ShakSphere.Application", "ShakSphere.Application\ShakSphere.Application.csproj", "{8289AD2F-67A1-4724-B006-A86061257D3B}"
EndProject
Project("{9A19103F-16F7-4668-BE54-9A1E7A4F7556}") = "ShakSphere.Infrastructure", "ShakSphere.Infrastructure\ShakSphere.Infrastructure.csproj", "{32FD7DC6-575E-412D-9B8F-55E692291772}"
EndProject
Project("{9A19103F-16F7-4668-BE54-9A1E7A4F7556}") = "ShakSphere.API", "ShakSphere.API\ShakSphere.API.csproj", "{800E0D62-63CC-42D7-8F2D-9FAF2FBD43BC}"
EndProject
Project("{FAE04EC0-301F-11D3-BF4B-00C04F79EFBC}") = "ShakSphere.Tests", "ShakSphere.Tests\ShakSphere.Tests.csproj", "{28ADC847-A4C4-497D-98C8-2483C92E8C42}"
EndProject
Global
	GlobalSection(SolutionConfigurationPlatforms) = preSolution
		Debug|Any CPU = Debug|Any CPU
		Release|Any CPU = Release|Any CPU
	EndGlobalSection
	GlobalSection(ProjectConfigurationPlatforms) = postSolution
		{A8CB64B2-386E-4EAE-82D2-B7E120AA6247}.Debug|Any CPU.ActiveCfg = Debug|Any CPU
		{A8CB64B2-386E-4EAE-82D2-B7E120AA6247}.Debug|Any CPU.Build.0 = Debug|Any CPU
		{A8CB64B2-386E-4EAE-82D2-B7E120AA6247}.Release|Any CPU.ActiveCfg = Release|Any CPU
		{A8CB64B2-386E-4EAE-82D2-B7E120AA6247}.Release|Any CPU.Build.0 = Release|Any CPU
		{8289AD2F-67A1-4724-B006-A86061257D3B}.Debug|Any CPU.ActiveCfg = Debug|Any CPU
		{8289AD2F-67A1-4724-B006-A86061257D3B}.Debug|Any CPU.Build.0 = Debug|Any CPU
		{8289AD2F-67A1-4724-B006-A86061257D3B}.Release|Any CPU.ActiveCfg = Release|Any CPU
		{8289AD2F-67A1-4724-B006-A86061257D3B}.Release|Any CPU.Build.0 = Release|Any CPU
		{32FD7DC6-575E-412D-9B8F-55E692291772}.Debug|Any CPU.ActiveCfg = Debug|Any CPU
		{32FD7DC6-575E-412D-9B8F-55E692291772}.Debug|Any CPU.Build.0 = Debug|Any CPU
		{32FD7DC6-575E-412D-9B8F-55E692291772}.Release|Any CPU.ActiveCfg = Release|Any CPU
		{32FD7DC6-575E-412D-9B8F-55E692291772}.Release|Any CPU.Build.0 = Release|Any CPU
		{800E0D62-63CC-42D7-8F2D-9FAF2FBD43BC}.Debug|Any CPU.ActiveCfg = Debug|Any CPU
		{800E0D62-63CC-42D7-8F2D-9FAF2FBD43BC}.Debug|Any CPU.Build.0 = Debug|Any CPU
		{800E0D62-63CC-42D7-8F2D-9FAF2FBD43BC}.Release|Any CPU.ActiveCfg = Release|Any CPU
		{800E0D62-63CC-42D7-8F2D-9FAF2FBD43BC}.Release|Any CPU.Build.0 = Release|Any CPU
		{28ADC847-A4C4-497D-98C8-2483C92E8C42}.Debug|Any CPU.ActiveCfg = Debug|Any CPU
		{28ADC847-A4C4-497D-98C8-2483C92E8C42}.Debug|Any CPU.Build.0 = Debug|Any CPU
		{28ADC847-A4C4-497D-98C8-2483C92E8C42}.Release|Any CPU.ActiveCfg = Release|Any CPU
		{28ADC847-A4C4-497D-98C8-2483C92E8C42}.Release|Any CPU.Build.0 = Release|Any CPU
	EndGlobalSection
	GlobalSection(SolutionProperties) = preSolution
		HideSolutionNode = FALSE
	EndGlobalSection
	GlobalSection(ExtensibilityGlobals) = postSolution
		SolutionGuid = {65338B39-5585-4EDE-8400-E21B5472B6B7}
	EndGlobalSection
EndGlobal
